
Microsoft Visual Studio Solution File, Format Version 12.00
# Visual Studio Version 17
VisualStudioVersion = 17.5.33530.505
MinimumVisualStudioVersion = 10.0.40219.1
Project("{FAE04EC0-301F-11D3-BF4B-00C04F79EFBC}") = "MVCApp-Bundling-Minification", "MVCApp-Bundling-Minification.csproj", "{27979B52-5AE6-46DA-8D9E-6C4680BCB5F8}"
EndProject
Global
	GlobalSection(SolutionConfigurationPlatforms) = preSolution
		Debug|Any CPU = Debug|Any CPU
		Release|Any CPU = Release|Any CPU
	EndGlobalSection
	GlobalSection(ProjectConfigurationPlatforms) = postSolution
		{27979B52-5AE6-46DA-8D9E-6C4680BCB5F8}.Debug|Any CPU.ActiveCfg = Debug|Any CPU
		{27979B52-5AE6-46DA-8D9E-6C4680BCB5F8}.Debug|Any CPU.Build.0 = Debug|Any CPU
		{27979B52-5AE6-46DA-8D9E-6C4680BCB5F8}.Release|Any CPU.ActiveCfg = Release|Any CPU
		{27979B52-5AE6-46DA-8D9E-6C4680BCB5F8}.Release|Any CPU.Build.0 = Release|Any CPU
	EndGlobalSection
	GlobalSection(SolutionProperties) = preSolution
		HideSolutionNode = FALSE
	EndGlobalSection
	GlobalSection(ExtensibilityGlobals) = postSolution
		SolutionGuid = {35E3C880-4647-4A62-9BA2-F1F811D7E079}
	EndGlobalSection
EndGlobal
