
Microsoft Visual Studio Solution File, Format Version 12.00
# Visual Studio Version 17
VisualStudioVersion = 17.5.33502.453
MinimumVisualStudioVersion = 10.0.40219.1
Project("{FAE04EC0-301F-11D3-BF4B-00C04F79EFBC}") = "MVCAppWithDB", "MVCAppWithDB\MVCAppWithDB.csproj", "{C95A1EF7-E598-4ECC-AB46-C5DF40952020}"
EndProject
Project("{FAE04EC0-301F-11D3-BF4B-00C04F79EFBC}") = "MVCApp.DB", "MVCApp.DB\MVCApp.DB.csproj", "{D1EC9C1A-1B3C-44CD-9A42-59E8D401044A}"
EndProject
Project("{FAE04EC0-301F-11D3-BF4B-00C04F79EFBC}") = "MVCApp.Model", "MVCApp.Model\MVCApp.Model.csproj", "{C576706E-0413-4679-A582-A3A24C3E4B6B}"
EndProject
Global
	GlobalSection(SolutionConfigurationPlatforms) = preSolution
		Debug|Any CPU = Debug|Any CPU
		Release|Any CPU = Release|Any CPU
	EndGlobalSection
	GlobalSection(ProjectConfigurationPlatforms) = postSolution
		{C95A1EF7-E598-4ECC-AB46-C5DF40952020}.Debug|Any CPU.ActiveCfg = Debug|Any CPU
		{C95A1EF7-E598-4ECC-AB46-C5DF40952020}.Debug|Any CPU.Build.0 = Debug|Any CPU
		{C95A1EF7-E598-4ECC-AB46-C5DF40952020}.Release|Any CPU.ActiveCfg = Release|Any CPU
		{C95A1EF7-E598-4ECC-AB46-C5DF40952020}.Release|Any CPU.Build.0 = Release|Any CPU
		{D1EC9C1A-1B3C-44CD-9A42-59E8D401044A}.Debug|Any CPU.ActiveCfg = Debug|Any CPU
		{D1EC9C1A-1B3C-44CD-9A42-59E8D401044A}.Debug|Any CPU.Build.0 = Debug|Any CPU
		{D1EC9C1A-1B3C-44CD-9A42-59E8D401044A}.Release|Any CPU.ActiveCfg = Release|Any CPU
		{D1EC9C1A-1B3C-44CD-9A42-59E8D401044A}.Release|Any CPU.Build.0 = Release|Any CPU
		{C576706E-0413-4679-A582-A3A24C3E4B6B}.Debug|Any CPU.ActiveCfg = Debug|Any CPU
		{C576706E-0413-4679-A582-A3A24C3E4B6B}.Debug|Any CPU.Build.0 = Debug|Any CPU
		{C576706E-0413-4679-A582-A3A24C3E4B6B}.Release|Any CPU.ActiveCfg = Release|Any CPU
		{C576706E-0413-4679-A582-A3A24C3E4B6B}.Release|Any CPU.Build.0 = Release|Any CPU
	EndGlobalSection
	GlobalSection(SolutionProperties) = preSolution
		HideSolutionNode = FALSE
	EndGlobalSection
	GlobalSection(ExtensibilityGlobals) = postSolution
		SolutionGuid = {C5DD2BE4-CDF0-46DB-BF33-CD21181B244D}
	EndGlobalSection
EndGlobal
