
Microsoft Visual Studio Solution File, Format Version 12.00
# Visual Studio Version 17
VisualStudioVersion = 17.5.33530.505
MinimumVisualStudioVersion = 10.0.40219.1
Project("{FAE04EC0-301F-11D3-BF4B-00C04F79EFBC}") = "MVCApp-Model-Binder", "MVCApp-Model-Binder.csproj", "{03780475-6B6C-49C0-8FF1-00BA3714166B}"
EndProject
Global
	GlobalSection(SolutionConfigurationPlatforms) = preSolution
		Debug|Any CPU = Debug|Any CPU
		Release|Any CPU = Release|Any CPU
	EndGlobalSection
	GlobalSection(ProjectConfigurationPlatforms) = postSolution
		{03780475-6B6C-49C0-8FF1-00BA3714166B}.Debug|Any CPU.ActiveCfg = Debug|Any CPU
		{03780475-6B6C-49C0-8FF1-00BA3714166B}.Debug|Any CPU.Build.0 = Debug|Any CPU
		{03780475-6B6C-49C0-8FF1-00BA3714166B}.Release|Any CPU.ActiveCfg = Release|Any CPU
		{03780475-6B6C-49C0-8FF1-00BA3714166B}.Release|Any CPU.Build.0 = Release|Any CPU
	EndGlobalSection
	GlobalSection(SolutionProperties) = preSolution
		HideSolutionNode = FALSE
	EndGlobalSection
	GlobalSection(ExtensibilityGlobals) = postSolution
		SolutionGuid = {98B68A04-8C2E-40E7-B3F5-D9F6F43E1FAA}
	EndGlobalSection
EndGlobal
